<?xml version="1.0" encoding="utf-8"?>
<Project ToolsVersion="4.0" xmlns="http://schemas.microsoft.com/developer/msbuild/2003">
  <ItemGroup>
    <Filter Include="Header Files">
      <UniqueIdentifier>{21EB8090-0D4E-1035-B6D3-48EBA215DCB7}</UniqueIdentifier>
    </Filter>
    <Filter Include="Source Files">
      <UniqueIdentifier>{E9C7FDCE-D52A-8D73-7EB0-C5296AF258F6}</UniqueIdentifier>
    </Filter>
  </ItemGroup>
  <ItemGroup>
    <ClInclude Include="..\game\src\Player.h">
      <Filter>Header Files</Filter>
    </ClInclude>
    <ClInclude Include="..\game\src\Game.h">
      <Filter>Header Files</Filter>
    </ClInclude>
    <ClInclude Include="..\game\src\GameLogic.h">
      <Filter>Header Files</Filter>
    </ClInclude>
    <ClInclude Include="..\game\src\Land.h">
      <Filter>Header Files</Filter>
    </ClInclude>
    <ClInclude Include="..\game\src\EnemyShot.h">
      <Filter>Header Files</Filter>
    </ClInclude>
    <ClInclude Include="..\game\src\Lander.h">
      <Filter>Header Files</Filter>
    </ClInclude>
    <ClInclude Include="..\game\src\LanderMutantControl.h">
      <Filter>Header Files</Filter>
    </ClInclude>
    <ClInclude Include="..\game\src\PlayerShot.h">
      <Filter>Header Files</Filter>
    </ClInclude>
    <ClInclude Include="..\game\src\Baiter.h">
      <Filter>Header Files</Filter>
    </ClInclude>
    <ClInclude Include="..\game\src\BaiterControl.h">
      <Filter>Header Files</Filter>
    </ClInclude>
    <ClInclude Include="..\game\src\Bomb.h">
      <Filter>Header Files</Filter>
    </ClInclude>
    <ClInclude Include="..\game\src\Bomber.h">
      <Filter>Header Files</Filter>
    </ClInclude>
    <ClInclude Include="..\game\src\BomberControl.h">
      <Filter>Header Files</Filter>
    </ClInclude>
    <ClInclude Include="..\game\src\Enemy.h">
      <Filter>Header Files</Filter>
    </ClInclude>
    <ClInclude Include="..\game\src\EnemyMirror.h">
      <Filter>Header Files</Filter>
    </ClInclude>
    <ClInclude Include="..\game\src\EnemyRadarMirror.h">
      <Filter>Header Files</Filter>
    </ClInclude>
    <ClInclude Include="..\game\src\ExplosionControl.h">
      <Filter>Header Files</Filter>
    </ClInclude>
    <ClInclude Include="..\game\src\Mutant.h">
      <Filter>Header Files</Filter>
    </ClInclude>
    <ClInclude Include="..\game\src\Person.h">
      <Filter>Header Files</Filter>
    </ClInclude>
    <ClInclude Include="..\game\src\Pod.h">
      <Filter>Header Files</Filter>
    </ClInclude>
    <ClInclude Include="..\game\src\PodSwarmerControl.h">
      <Filter>Header Files</Filter>
    </ClInclude>
    <ClInclude Include="..\game\src\ScoreKeeper.h">
      <Filter>Header Files</Filter>
    </ClInclude>
    <ClInclude Include="..\game\src\SharedData.h">
      <Filter>Header Files</Filter>
    </ClInclude>
    <ClInclude Include="..\game\src\Swarmer.h">
      <Filter>Header Files</Filter>
    </ClInclude>
  </ItemGroup>
  <ItemGroup>
    <ClCompile Include="..\game\src\Player.cpp">
      <Filter>Source Files</Filter>
    </ClCompile>
    <ClCompile Include="..\game\src\Game.cpp">
      <Filter>Source Files</Filter>
    </ClCompile>
    <ClCompile Include="..\game\src\GameLogic.cpp">
      <Filter>Source Files</Filter>
    </ClCompile>
    <ClCompile Include="..\game\src\Land.cpp">
      <Filter>Source Files</Filter>
    </ClCompile>
    <ClCompile Include="..\game\src\EnemyShot.cpp">
      <Filter>Source Files</Filter>
    </ClCompile>
    <ClCompile Include="..\game\src\Lander.cpp">
      <Filter>Source Files</Filter>
    </ClCompile>
    <ClCompile Include="..\game\src\LanderMutantControl.cpp">
      <Filter>Source Files</Filter>
    </ClCompile>
    <ClCompile Include="..\game\src\PlayerShot.cpp">
      <Filter>Source Files</Filter>
    </ClCompile>
    <ClCompile Include="..\game\src\main.cpp">
      <Filter>Source Files</Filter>
    </ClCompile>
    <ClCompile Include="..\game\src\Baiter.cpp">
      <Filter>Source Files</Filter>
    </ClCompile>
    <ClCompile Include="..\game\src\BaiterControl.cpp">
      <Filter>Source Files</Filter>
    </ClCompile>
    <ClCompile Include="..\game\src\Bomb.cpp">
      <Filter>Source Files</Filter>
    </ClCompile>
    <ClCompile Include="..\game\src\Bomber.cpp">
      <Filter>Source Files</Filter>
    </ClCompile>
    <ClCompile Include="..\game\src\BomberControl.cpp">
      <Filter>Source Files</Filter>
    </ClCompile>
    <ClCompile Include="..\game\src\Enemy.cpp">
      <Filter>Source Files</Filter>
    </ClCompile>
    <ClCompile Include="..\game\src\EnemyMirror.cpp">
      <Filter>Source Files</Filter>
    </ClCompile>
    <ClCompile Include="..\game\src\EnemyRadarMirror.cpp">
      <Filter>Source Files</Filter>
    </ClCompile>
    <ClCompile Include="..\game\src\ExplosionControl.cpp">
      <Filter>Source Files</Filter>
    </ClCompile>
    <ClCompile Include="..\game\src\Mutant.cpp">
      <Filter>Source Files</Filter>
    </ClCompile>
    <ClCompile Include="..\game\src\Person.cpp">
      <Filter>Source Files</Filter>
    </ClCompile>
    <ClCompile Include="..\game\src\Pod.cpp">
      <Filter>Source Files</Filter>
    </ClCompile>
    <ClCompile Include="..\game\src\PodSwarmerControl.cpp">
      <Filter>Source Files</Filter>
    </ClCompile>
    <ClCompile Include="..\game\src\ScoreKeeper.cpp">
      <Filter>Source Files</Filter>
    </ClCompile>
    <ClCompile Include="..\game\src\SharedData.cpp">
      <Filter>Source Files</Filter>
    </ClCompile>
    <ClCompile Include="..\game\src\Swarmer.cpp">
      <Filter>Source Files</Filter>
    </ClCompile>
  </ItemGroup>
</Project>